// !$*UTF8*$!
{
	archiveVersion = 1;
	classes = {
	};
	objectVersion = 56;
	objects = {

/* Begin PBXBuildFile section */
		D54751352A82BD3700309CAF /* SkartnerApp.swift in Sources */ = {isa = PBXBuildFile; fileRef = D54751342A82BD3700309CAF /* SkartnerApp.swift */; };
		D54751372A82BD3700309CAF /* ContentView.swift in Sources */ = {isa = PBXBuildFile; fileRef = D54751362A82BD3700309CAF /* ContentView.swift */; };
		D54751392A82BD3800309CAF /* Assets.xcassets in Resources */ = {isa = PBXBuildFile; fileRef = D54751382A82BD3800309CAF /* Assets.xcassets */; };
		D547513D2A82BD3800309CAF /* Preview Assets.xcassets in Resources */ = {isa = PBXBuildFile; fileRef = D547513C2A82BD3800309CAF /* Preview Assets.xcassets */; };
		D54751452A82BD5C00309CAF /* Apollo in Frameworks */ = {isa = PBXBuildFile; productRef = D54751442A82BD5C00309CAF /* Apollo */; };
		D547514E2A82C02200309CAF /* SkartnerAPI in Frameworks */ = {isa = PBXBuildFile; productRef = D547514D2A82C02200309CAF /* SkartnerAPI */; };
		D54751502A82C05D00309CAF /* Network.swift in Sources */ = {isa = PBXBuildFile; fileRef = D547514F2A82C05D00309CAF /* Network.swift */; };
/* End PBXBuildFile section */

/* Begin PBXFileReference section */
		D54751312A82BD3700309CAF /* Skartner.app */ = {isa = PBXFileReference; explicitFileType = wrapper.application; includeInIndex = 0; path = Skartner.app; sourceTree = BUILT_PRODUCTS_DIR; };
		D54751342A82BD3700309CAF /* SkartnerApp.swift */ = {isa = PBXFileReference; lastKnownFileType = sourcecode.swift; path = SkartnerApp.swift; sourceTree = "<group>"; };
		D54751362A82BD3700309CAF /* ContentView.swift */ = {isa = PBXFileReference; lastKnownFileType = sourcecode.swift; path = ContentView.swift; sourceTree = "<group>"; };
		D54751382A82BD3800309CAF /* Assets.xcassets */ = {isa = PBXFileReference; lastKnownFileType = folder.assetcatalog; path = Assets.xcassets; sourceTree = "<group>"; };
		D547513A2A82BD3800309CAF /* Skartner.entitlements */ = {isa = PBXFileReference; lastKnownFileType = text.plist.entitlements; path = Skartner.entitlements; sourceTree = "<group>"; };
		D547513C2A82BD3800309CAF /* Preview Assets.xcassets */ = {isa = PBXFileReference; lastKnownFileType = folder.assetcatalog; path = "Preview Assets.xcassets"; sourceTree = "<group>"; };
		D54751472A82BF9000309CAF /* schema.graphqls */ = {isa = PBXFileReference; lastKnownFileType = text; path = schema.graphqls; sourceTree = "<group>"; };
		D54751492A82BFD400309CAF /* Hello.graphql */ = {isa = PBXFileReference; lastKnownFileType = text; path = Hello.graphql; sourceTree = "<group>"; };
		D547514B2A82C00A00309CAF /* SkartnerAPI */ = {isa = PBXFileReference; lastKnownFileType = wrapper; path = SkartnerAPI; sourceTree = "<group>"; };
		D547514F2A82C05D00309CAF /* Network.swift */ = {isa = PBXFileReference; lastKnownFileType = sourcecode.swift; path = Network.swift; sourceTree = "<group>"; };
/* End PBXFileReference section */

/* Begin PBXFrameworksBuildPhase section */
		D547512E2A82BD3700309CAF /* Frameworks */ = {
			isa = PBXFrameworksBuildPhase;
			buildActionMask = 2147483647;
			files = (
				D54751452A82BD5C00309CAF /* Apollo in Frameworks */,
				D547514E2A82C02200309CAF /* SkartnerAPI in Frameworks */,
			);
			runOnlyForDeploymentPostprocessing = 0;
		};
/* End PBXFrameworksBuildPhase section */

/* Begin PBXGroup section */
		D54751282A82BD3700309CAF = {
			isa = PBXGroup;
			children = (
				D547514A2A82C00A00309CAF /* Packages */,
				D54751462A82BF9000309CAF /* graphql */,
				D54751332A82BD3700309CAF /* Skartner */,
				D54751322A82BD3700309CAF /* Products */,
				D547514C2A82C02200309CAF /* Frameworks */,
			);
			sourceTree = "<group>";
		};
		D54751322A82BD3700309CAF /* Products */ = {
			isa = PBXGroup;
			children = (
				D54751312A82BD3700309CAF /* Skartner.app */,
			);
			name = Products;
			sourceTree = "<group>";
		};
		D54751332A82BD3700309CAF /* Skartner */ = {
			isa = PBXGroup;
			children = (
				D54751342A82BD3700309CAF /* SkartnerApp.swift */,
				D54751362A82BD3700309CAF /* ContentView.swift */,
				D54751382A82BD3800309CAF /* Assets.xcassets */,
				D547513A2A82BD3800309CAF /* Skartner.entitlements */,
				D547513B2A82BD3800309CAF /* Preview Content */,
				D547514F2A82C05D00309CAF /* Network.swift */,
			);
			path = Skartner;
			sourceTree = "<group>";
		};
		D547513B2A82BD3800309CAF /* Preview Content */ = {
			isa = PBXGroup;
			children = (
				D547513C2A82BD3800309CAF /* Preview Assets.xcassets */,
			);
			path = "Preview Content";
			sourceTree = "<group>";
		};
		D54751462A82BF9000309CAF /* graphql */ = {
			isa = PBXGroup;
			children = (
				D54751472A82BF9000309CAF /* schema.graphqls */,
				D54751492A82BFD400309CAF /* Hello.graphql */,
			);
			path = graphql;
			sourceTree = "<group>";
		};
		D547514A2A82C00A00309CAF /* Packages */ = {
			isa = PBXGroup;
			children = (
				D547514B2A82C00A00309CAF /* SkartnerAPI */,
			);
			name = Packages;
			sourceTree = "<group>";
		};
		D547514C2A82C02200309CAF /* Frameworks */ = {
			isa = PBXGroup;
			children = (
			);
			name = Frameworks;
			sourceTree = "<group>";
		};
/* End PBXGroup section */

/* Begin PBXNativeTarget section */
		D54751302A82BD3700309CAF /* Skartner */ = {
			isa = PBXNativeTarget;
			buildConfigurationList = D54751402A82BD3800309CAF /* Build configuration list for PBXNativeTarget "Skartner" */;
			buildPhases = (
				D547512D2A82BD3700309CAF /* Sources */,
				D547512E2A82BD3700309CAF /* Frameworks */,
				D547512F2A82BD3700309CAF /* Resources */,
			);
			buildRules = (
			);
			dependencies = (
			);
			name = Skartner;
			packageProductDependencies = (
				D54751442A82BD5C00309CAF /* Apollo */,
				D547514D2A82C02200309CAF /* SkartnerAPI */,
			);
			productName = Skartner;
			productReference = D54751312A82BD3700309CAF /* Skartner.app */;
			productType = "com.apple.product-type.application";
		};
/* End PBXNativeTarget section */

/* Begin PBXProject section */
		D54751292A82BD3700309CAF /* Project object */ = {
			isa = PBXProject;
			attributes = {
				BuildIndependentTargetsInParallel = 1;
				LastSwiftUpdateCheck = 1430;
				LastUpgradeCheck = 1430;
				TargetAttributes = {
					D54751302A82BD3700309CAF = {
						CreatedOnToolsVersion = 14.3.1;
					};
				};
			};
			buildConfigurationList = D547512C2A82BD3700309CAF /* Build configuration list for PBXProject "Skartner" */;
			compatibilityVersion = "Xcode 14.0";
			developmentRegion = en;
			hasScannedForEncodings = 0;
			knownRegions = (
				en,
				Base,
			);
			mainGroup = D54751282A82BD3700309CAF;
			packageReferences = (
				D54751432A82BD5C00309CAF /* XCRemoteSwiftPackageReference "apollo-ios" */,
			);
			productRefGroup = D54751322A82BD3700309CAF /* Products */;
			projectDirPath = "";
			projectRoot = "";
			targets = (
				D54751302A82BD3700309CAF /* Skartner */,
			);
		};
/* End PBXProject section */

/* Begin PBXResourcesBuildPhase section */
		D547512F2A82BD3700309CAF /* Resources */ = {
			isa = PBXResourcesBuildPhase;
			buildActionMask = 2147483647;
			files = (
				D547513D2A82BD3800309CAF /* Preview Assets.xcassets in Resources */,
				D54751392A82BD3800309CAF /* Assets.xcassets in Resources */,
			);
			runOnlyForDeploymentPostprocessing = 0;
		};
/* End PBXResourcesBuildPhase section */

/* Begin PBXSourcesBuildPhase section */
		D547512D2A82BD3700309CAF /* Sources */ = {
			isa = PBXSourcesBuildPhase;
			buildActionMask = 2147483647;
			files = (
				D54751372A82BD3700309CAF /* ContentView.swift in Sources */,
				D54751352A82BD3700309CAF /* SkartnerApp.swift in Sources */,
				D54751502A82C05D00309CAF /* Network.swift in Sources */,
			);
			runOnlyForDeploymentPostprocessing = 0;
		};
/* End PBXSourcesBuildPhase section */

/* Begin XCBuildConfiguration section */
		D547513E2A82BD3800309CAF /* Debug */ = {
			isa = XCBuildConfiguration;
			buildSettings = {
				ALWAYS_SEARCH_USER_PATHS = NO;
				CLANG_ANALYZER_NONNULL = YES;
				CLANG_ANALYZER_NUMBER_OBJECT_CONVERSION = YES_AGGRESSIVE;
				CLANG_CXX_LANGUAGE_STANDARD = "gnu++20";
				CLANG_ENABLE_MODULES = YES;
				CLANG_ENABLE_OBJC_ARC = YES;
				CLANG_ENABLE_OBJC_WEAK = YES;
				CLANG_WARN_BLOCK_CAPTURE_AUTORELEASING = YES;
				CLANG_WARN_BOOL_CONVERSION = YES;
				CLANG_WARN_COMMA = YES;
				CLANG_WARN_CONSTANT_CONVERSION = YES;
				CLANG_WARN_DEPRECATED_OBJC_IMPLEMENTATIONS = YES;
				CLANG_WARN_DIRECT_OBJC_ISA_USAGE = YES_ERROR;
				CLANG_WARN_DOCUMENTATION_COMMENTS = YES;
				CLANG_WARN_EMPTY_BODY = YES;
				CLANG_WARN_ENUM_CONVERSION = YES;
				CLANG_WARN_INFINITE_RECURSION = YES;
				CLANG_WARN_INT_CONVERSION = YES;
				CLANG_WARN_NON_LITERAL_NULL_CONVERSION = YES;
				CLANG_WARN_OBJC_IMPLICIT_RETAIN_SELF = YES;
				CLANG_WARN_OBJC_LITERAL_CONVERSION = YES;
				CLANG_WARN_OBJC_ROOT_CLASS = YES_ERROR;
				CLANG_WARN_QUOTED_INCLUDE_IN_FRAMEWORK_HEADER = YES;
				CLANG_WARN_RANGE_LOOP_ANALYSIS = YES;
				CLANG_WARN_STRICT_PROTOTYPES = YES;
				CLANG_WARN_SUSPICIOUS_MOVE = YES;
				CLANG_WARN_UNGUARDED_AVAILABILITY = YES_AGGRESSIVE;
				CLANG_WARN_UNREACHABLE_CODE = YES;
				CLANG_WARN__DUPLICATE_METHOD_MATCH = YES;
				COPY_PHASE_STRIP = NO;
				DEBUG_INFORMATION_FORMAT = dwarf;
				ENABLE_STRICT_OBJC_MSGSEND = YES;
				ENABLE_TESTABILITY = YES;
				GCC_C_LANGUAGE_STANDARD = gnu11;
				GCC_DYNAMIC_NO_PIC = NO;
				GCC_NO_COMMON_BLOCKS = YES;
				GCC_OPTIMIZATION_LEVEL = 0;
				GCC_PREPROCESSOR_DEFINITIONS = (
					"DEBUG=1",
					"$(inherited)",
				);
				GCC_WARN_64_TO_32_BIT_CONVERSION = YES;
				GCC_WARN_ABOUT_RETURN_TYPE = YES_ERROR;
				GCC_WARN_UNDECLARED_SELECTOR = YES;
				GCC_WARN_UNINITIALIZED_AUTOS = YES_AGGRESSIVE;
				GCC_WARN_UNUSED_FUNCTION = YES;
				GCC_WARN_UNUSED_VARIABLE = YES;
				MTL_ENABLE_DEBUG_INFO = INCLUDE_SOURCE;
				MTL_FAST_MATH = YES;
				ONLY_ACTIVE_ARCH = YES;
				SWIFT_ACTIVE_COMPILATION_CONDITIONS = DEBUG;
				SWIFT_OPTIMIZATION_LEVEL = "-Onone";
			};
			name = Debug;
		};
		D547513F2A82BD3800309CAF /* Release */ = {
			isa = XCBuildConfiguration;
			buildSettings = {
				ALWAYS_SEARCH_USER_PATHS = NO;
				CLANG_ANALYZER_NONNULL = YES;
				CLANG_ANALYZER_NUMBER_OBJECT_CONVERSION = YES_AGGRESSIVE;
				CLANG_CXX_LANGUAGE_STANDARD = "gnu++20";
				CLANG_ENABLE_MODULES = YES;
				CLANG_ENABLE_OBJC_ARC = YES;
				CLANG_ENABLE_OBJC_WEAK = YES;
				CLANG_WARN_BLOCK_CAPTURE_AUTORELEASING = YES;
				CLANG_WARN_BOOL_CONVERSION = YES;
				CLANG_WARN_COMMA = YES;
				CLANG_WARN_CONSTANT_CONVERSION = YES;
				CLANG_WARN_DEPRECATED_OBJC_IMPLEMENTATIONS = YES;
				CLANG_WARN_DIRECT_OBJC_ISA_USAGE = YES_ERROR;
				CLANG_WARN_DOCUMENTATION_COMMENTS = YES;
				CLANG_WARN_EMPTY_BODY = YES;
				CLANG_WARN_ENUM_CONVERSION = YES;
				CLANG_WARN_INFINITE_RECURSION = YES;
				CLANG_WARN_INT_CONVERSION = YES;
				CLANG_WARN_NON_LITERAL_NULL_CONVERSION = YES;
				CLANG_WARN_OBJC_IMPLICIT_RETAIN_SELF = YES;
				CLANG_WARN_OBJC_LITERAL_CONVERSION = YES;
				CLANG_WARN_OBJC_ROOT_CLASS = YES_ERROR;
				CLANG_WARN_QUOTED_INCLUDE_IN_FRAMEWORK_HEADER = YES;
				CLANG_WARN_RANGE_LOOP_ANALYSIS = YES;
				CLANG_WARN_STRICT_PROTOTYPES = YES;
				CLANG_WARN_SUSPICIOUS_MOVE = YES;
				CLANG_WARN_UNGUARDED_AVAILABILITY = YES_AGGRESSIVE;
				CLANG_WARN_UNREACHABLE_CODE = YES;
				CLANG_WARN__DUPLICATE_METHOD_MATCH = YES;
				COPY_PHASE_STRIP = NO;
				DEBUG_INFORMATION_FORMAT = "dwarf-with-dsym";
				ENABLE_NS_ASSERTIONS = NO;
				ENABLE_STRICT_OBJC_MSGSEND = YES;
				GCC_C_LANGUAGE_STANDARD = gnu11;
				GCC_NO_COMMON_BLOCKS = YES;
				GCC_WARN_64_TO_32_BIT_CONVERSION = YES;
				GCC_WARN_ABOUT_RETURN_TYPE = YES_ERROR;
				GCC_WARN_UNDECLARED_SELECTOR = YES;
				GCC_WARN_UNINITIALIZED_AUTOS = YES_AGGRESSIVE;
				GCC_WARN_UNUSED_FUNCTION = YES;
				GCC_WARN_UNUSED_VARIABLE = YES;
				MTL_ENABLE_DEBUG_INFO = NO;
				MTL_FAST_MATH = YES;
				SWIFT_COMPILATION_MODE = wholemodule;
				SWIFT_OPTIMIZATION_LEVEL = "-O";
			};
			name = Release;
		};
		D54751412A82BD3800309CAF /* Debug */ = {
			isa = XCBuildConfiguration;
			buildSettings = {
				ASSETCATALOG_COMPILER_APPICON_NAME = AppIcon;
				ASSETCATALOG_COMPILER_GLOBAL_ACCENT_COLOR_NAME = AccentColor;
				CODE_SIGN_ENTITLEMENTS = Skartner/Skartner.entitlements;
				CODE_SIGN_STYLE = Automatic;
				CURRENT_PROJECT_VERSION = 1;
				DEVELOPMENT_ASSET_PATHS = "\"Skartner/Preview Content\"";
				DEVELOPMENT_TEAM = M4QN7DBR2B;
				ENABLE_HARDENED_RUNTIME = YES;
				ENABLE_PREVIEWS = YES;
				GENERATE_INFOPLIST_FILE = YES;
				"INFOPLIST_KEY_UIApplicationSceneManifest_Generation[sdk=iphoneos*]" = YES;
				"INFOPLIST_KEY_UIApplicationSceneManifest_Generation[sdk=iphonesimulator*]" = YES;
				"INFOPLIST_KEY_UIApplicationSupportsIndirectInputEvents[sdk=iphoneos*]" = YES;
				"INFOPLIST_KEY_UIApplicationSupportsIndirectInputEvents[sdk=iphonesimulator*]" = YES;
				"INFOPLIST_KEY_UILaunchScreen_Generation[sdk=iphoneos*]" = YES;
				"INFOPLIST_KEY_UILaunchScreen_Generation[sdk=iphonesimulator*]" = YES;
				"INFOPLIST_KEY_UIStatusBarStyle[sdk=iphoneos*]" = UIStatusBarStyleDefault;
				"INFOPLIST_KEY_UIStatusBarStyle[sdk=iphonesimulator*]" = UIStatusBarStyleDefault;
				INFOPLIST_KEY_UISupportedInterfaceOrientations_iPad = "UIInterfaceOrientationPortrait UIInterfaceOrientationPortraitUpsideDown UIInterfaceOrientationLandscapeLeft UIInterfaceOrientationLandscapeRight";
				INFOPLIST_KEY_UISupportedInterfaceOrientations_iPhone = "UIInterfaceOrientationPortrait UIInterfaceOrientationLandscapeLeft UIInterfaceOrientationLandscapeRight";
				IPHONEOS_DEPLOYMENT_TARGET = 16.4;
				LD_RUNPATH_SEARCH_PATHS = "@executable_path/Frameworks";
				"LD_RUNPATH_SEARCH_PATHS[sdk=macosx*]" = "@executable_path/../Frameworks";
				MACOSX_DEPLOYMENT_TARGET = 13.3;
				MARKETING_VERSION = 1.0;
				PRODUCT_BUNDLE_IDENTIFIER = com.skartner.Skartner;
				PRODUCT_NAME = "$(TARGET_NAME)";
				SDKROOT = auto;
				SUPPORTED_PLATFORMS = "iphoneos iphonesimulator macosx";
				SWIFT_EMIT_LOC_STRINGS = YES;
				SWIFT_VERSION = 5.0;
				TARGETED_DEVICE_FAMILY = "1,2";
			};
			name = Debug;
		};
		D54751422A82BD3800309CAF /* Release */ = {
			isa = XCBuildConfiguration;
			buildSettings = {
				ASSETCATALOG_COMPILER_APPICON_NAME = AppIcon;
				ASSETCATALOG_COMPILER_GLOBAL_ACCENT_COLOR_NAME = AccentColor;
				CODE_SIGN_ENTITLEMENTS = Skartner/Skartner.entitlements;
				CODE_SIGN_STYLE = Automatic;
				CURRENT_PROJECT_VERSION = 1;
				DEVELOPMENT_ASSET_PATHS = "\"Skartner/Preview Content\"";
				DEVELOPMENT_TEAM = M4QN7DBR2B;
				ENABLE_HARDENED_RUNTIME = YES;
				ENABLE_PREVIEWS = YES;
				GENERATE_INFOPLIST_FILE = YES;
				"INFOPLIST_KEY_UIApplicationSceneManifest_Generation[sdk=iphoneos*]" = YES;
				"INFOPLIST_KEY_UIApplicationSceneManifest_Generation[sdk=iphonesimulator*]" = YES;
				"INFOPLIST_KEY_UIApplicationSupportsIndirectInputEvents[sdk=iphoneos*]" = YES;
				"INFOPLIST_KEY_UIApplicationSupportsIndirectInputEvents[sdk=iphonesimulator*]" = YES;
				"INFOPLIST_KEY_UILaunchScreen_Generation[sdk=iphoneos*]" = YES;
				"INFOPLIST_KEY_UILaunchScreen_Generation[sdk=iphonesimulator*]" = YES;
				"INFOPLIST_KEY_UIStatusBarStyle[sdk=iphoneos*]" = UIStatusBarStyleDefault;
				"INFOPLIST_KEY_UIStatusBarStyle[sdk=iphonesimulator*]" = UIStatusBarStyleDefault;
				INFOPLIST_KEY_UISupportedInterfaceOrientations_iPad = "UIInterfaceOrientationPortrait UIInterfaceOrientationPortraitUpsideDown UIInterfaceOrientationLandscapeLeft UIInterfaceOrientationLandscapeRight";
				INFOPLIST_KEY_UISupportedInterfaceOrientations_iPhone = "UIInterfaceOrientationPortrait UIInterfaceOrientationLandscapeLeft UIInterfaceOrientationLandscapeRight";
				IPHONEOS_DEPLOYMENT_TARGET = 16.4;
				LD_RUNPATH_SEARCH_PATHS = "@executable_path/Frameworks";
				"LD_RUNPATH_SEARCH_PATHS[sdk=macosx*]" = "@executable_path/../Frameworks";
				MACOSX_DEPLOYMENT_TARGET = 13.3;
				MARKETING_VERSION = 1.0;
				PRODUCT_BUNDLE_IDENTIFIER = com.skartner.Skartner;
				PRODUCT_NAME = "$(TARGET_NAME)";
				SDKROOT = auto;
				SUPPORTED_PLATFORMS = "iphoneos iphonesimulator macosx";
				SWIFT_EMIT_LOC_STRINGS = YES;
				SWIFT_VERSION = 5.0;
				TARGETED_DEVICE_FAMILY = "1,2";
			};
			name = Release;
		};
/* End XCBuildConfiguration section */

/* Begin XCConfigurationList section */
		D547512C2A82BD3700309CAF /* Build configuration list for PBXProject "Skartner" */ = {
			isa = XCConfigurationList;
			buildConfigurations = (
				D547513E2A82BD3800309CAF /* Debug */,
				D547513F2A82BD3800309CAF /* Release */,
			);
			defaultConfigurationIsVisible = 0;
			defaultConfigurationName = Release;
		};
		D54751402A82BD3800309CAF /* Build configuration list for PBXNativeTarget "Skartner" */ = {
			isa = XCConfigurationList;
			buildConfigurations = (
				D54751412A82BD3800309CAF /* Debug */,
				D54751422A82BD3800309CAF /* Release */,
			);
			defaultConfigurationIsVisible = 0;
			defaultConfigurationName = Release;
		};
/* End XCConfigurationList section */

/* Begin XCRemoteSwiftPackageReference section */
		D54751432A82BD5C00309CAF /* XCRemoteSwiftPackageReference "apollo-ios" */ = {
			isa = XCRemoteSwiftPackageReference;
			repositoryURL = "https://github.com/apollographql/apollo-ios.git";
			requirement = {
				kind = upToNextMajorVersion;
				minimumVersion = 1.0.0;
			};
		};
/* End XCRemoteSwiftPackageReference section */

/* Begin XCSwiftPackageProductDependency section */
		D54751442A82BD5C00309CAF /* Apollo */ = {
			isa = XCSwiftPackageProductDependency;
			package = D54751432A82BD5C00309CAF /* XCRemoteSwiftPackageReference "apollo-ios" */;
			productName = Apollo;
		};
		D547514D2A82C02200309CAF /* SkartnerAPI */ = {
			isa = XCSwiftPackageProductDependency;
			productName = SkartnerAPI;
		};
/* End XCSwiftPackageProductDependency section */
	};
	rootObject = D54751292A82BD3700309CAF /* Project object */;
}
